{
  "originHash" : "f9eb956b2b12f3e32f787653e9c7ba00ff882b2b2b7eb58e6818b11108c2f85a",
  "pins" : [
    {
      "identity" : "swift-argument-parser",
      "kind" : "remoteSourceControl",
      "location" : "https://github.com/apple/swift-argument-parser",
      "state" : {
        "revision" : "309a47b2b1d9b5e991f36961c983ecec72275be3",
        "version" : "1.6.1"
      }
    },
    {
      "identity" : "swift-syntax",
      "kind" : "remoteSourceControl",
      "location" : "https://github.com/swiftlang/swift-syntax",
      "state" : {
        "revision" : "2bc86522d115234d1f588efe2bcb4ce4be8f8b82",
        "version" : "510.0.3"
      }
    },
    {
      "identity" : "swiftgodot",
      "kind" : "remoteSourceControl",
      "location" : "https://github.com/migueldeicaza/SwiftGodot",
      "state" : {
        "revision" : "a1af0de831a22a2f1d5d8b4221d9df2fdd12978f"
      }
    }
  ],
  "version" : 3
}
